
Microsoft Visual Studio Solution File, Format Version 12.00
# Visual Studio Version 17
VisualStudioVersion = 17.8.34525.116
MinimumVisualStudioVersion = 10.0.40219.1
Project("{FAE04EC0-301F-11D3-BF4B-00C04F79EFBC}") = "CC calculator CC", "CC calculator CC\CC calculator CC.csproj", "{FF769B82-A7A9-4630-B3F2-DED7D37474CD}"
EndProject
Global
	GlobalSection(SolutionConfigurationPlatforms) = preSolution
		Debug|Any CPU = Debug|Any CPU
		Release|Any CPU = Release|Any CPU
	EndGlobalSection
	GlobalSection(ProjectConfigurationPlatforms) = postSolution
		{FF769B82-A7A9-4630-B3F2-DED7D37474CD}.Debug|Any CPU.ActiveCfg = Debug|Any CPU
		{FF769B82-A7A9-4630-B3F2-DED7D37474CD}.Debug|Any CPU.Build.0 = Debug|Any CPU
		{FF769B82-A7A9-4630-B3F2-DED7D37474CD}.Release|Any CPU.ActiveCfg = Release|Any CPU
		{FF769B82-A7A9-4630-B3F2-DED7D37474CD}.Release|Any CPU.Build.0 = Release|Any CPU
	EndGlobalSection
	GlobalSection(SolutionProperties) = preSolution
		HideSolutionNode = FALSE
	EndGlobalSection
	GlobalSection(ExtensibilityGlobals) = postSolution
		SolutionGuid = {330FC292-3912-41BB-BF65-651A84C856D9}
	EndGlobalSection
EndGlobal
